// !$*UTF8*$!
{
	archiveVersion = 1;
	classes = {
	};
	objectVersion = 51;
	objects = {

/* Begin PBXBuildFile section */
		1F15CD86233E3C270025FC94 /* UIFeedback.swift in Sources */ = {isa = PBXBuildFile; fileRef = 1F15CD85233E3C270025FC94 /* UIFeedback.swift */; };
		1F8F2568231C959500C4E083 /* EndGameViewController.swift in Sources */ = {isa = PBXBuildFile; fileRef = 1F8F2567231C959500C4E083 /* EndGameViewController.swift */; };
		1FBB7C68232DF30200C4A8C2 /* EndActivityTwoViewController.swift in Sources */ = {isa = PBXBuildFile; fileRef = 1FBB7C67232DF30200C4A8C2 /* EndActivityTwoViewController.swift */; };
		1FBEB4A1239401340077ADA4 /* SecondTurnViewController.swift in Sources */ = {isa = PBXBuildFile; fileRef = 1FBEB4A0239401340077ADA4 /* SecondTurnViewController.swift */; };
		1FBEB4A32394015A0077ADA4 /* SecondCardViewController.swift in Sources */ = {isa = PBXBuildFile; fileRef = 1FBEB4A22394015A0077ADA4 /* SecondCardViewController.swift */; };
		1FCCA7BB232DC7C1000FBC48 /* Couple.swift in Sources */ = {isa = PBXBuildFile; fileRef = 1FCCA7BA232DC7C1000FBC48 /* Couple.swift */; };
		1FD1B7E32398C625004FBA59 /* EndVcOfTheSentencesActivity.swift in Sources */ = {isa = PBXBuildFile; fileRef = 1FD1B7E22398C625004FBA59 /* EndVcOfTheSentencesActivity.swift */; };
		1FD1B7E52398CD43004FBA59 /* EndVcOfQOCT.swift in Sources */ = {isa = PBXBuildFile; fileRef = 1FD1B7E42398CD43004FBA59 /* EndVcOfQOCT.swift */; };
		1FD1B7E72398CD73004FBA59 /* EndVcOfSoundOfSilence.swift in Sources */ = {isa = PBXBuildFile; fileRef = 1FD1B7E62398CD73004FBA59 /* EndVcOfSoundOfSilence.swift */; };
		1FEBDC3B23176EBC00646F06 /* ArrayDeTemas.swift in Sources */ = {isa = PBXBuildFile; fileRef = 1FEBDC3A23176EBC00646F06 /* ArrayDeTemas.swift */; };
		1FEBDC3D23176F0400646F06 /* Dinamica03ViewController.swift in Sources */ = {isa = PBXBuildFile; fileRef = 1FEBDC3C23176F0400646F06 /* Dinamica03ViewController.swift */; };
		1FF42AEF235F367C001816CC /* QOCTActivityScreenViewController.swift in Sources */ = {isa = PBXBuildFile; fileRef = 1FF42AEE235F367C001816CC /* QOCTActivityScreenViewController.swift */; };
		5C0DB03F239540AF00004571 /* SF-Pro-Display-BlackItalic.otf in Resources */ = {isa = PBXBuildFile; fileRef = 5C106E9323310D7000E822E0 /* SF-Pro-Display-BlackItalic.otf */; };
		5C0DB040239540B200004571 /* SF-Pro-Display-Bold.otf in Resources */ = {isa = PBXBuildFile; fileRef = 5C106E9723310D7000E822E0 /* SF-Pro-Display-Bold.otf */; };
		5C0DB041239540B600004571 /* SF-Pro-Display-BoldItalic.otf in Resources */ = {isa = PBXBuildFile; fileRef = 5C106E9523310D7000E822E0 /* SF-Pro-Display-BoldItalic.otf */; };
		5C0DB042239540B900004571 /* SF-Pro-Display-Heavy.otf in Resources */ = {isa = PBXBuildFile; fileRef = 5C106E9223310D7000E822E0 /* SF-Pro-Display-Heavy.otf */; };
		5C0DB043239540BC00004571 /* SF-Pro-Display-HeavyItalic.otf in Resources */ = {isa = PBXBuildFile; fileRef = 5C106E8E23310D6F00E822E0 /* SF-Pro-Display-HeavyItalic.otf */; };
		5C0DB044239540BF00004571 /* SF-Pro-Display-Light.otf in Resources */ = {isa = PBXBuildFile; fileRef = 5C106E8923310D6F00E822E0 /* SF-Pro-Display-Light.otf */; };
		5C0DB045239540C500004571 /* SF-Pro-Display-LightItalic.otf in Resources */ = {isa = PBXBuildFile; fileRef = 5C106E9123310D7000E822E0 /* SF-Pro-Display-LightItalic.otf */; };
		5C0DB046239540C800004571 /* SF-Pro-Display-Medium.otf in Resources */ = {isa = PBXBuildFile; fileRef = 5C106E8A23310D6F00E822E0 /* SF-Pro-Display-Medium.otf */; };
		5C0DB047239540CB00004571 /* SF-Pro-Display-MediumItalic.otf in Resources */ = {isa = PBXBuildFile; fileRef = 5C106E9823310D7000E822E0 /* SF-Pro-Display-MediumItalic.otf */; };
		5C0DB048239540CF00004571 /* SF-Pro-Display-Regular.otf in Resources */ = {isa = PBXBuildFile; fileRef = 5C106E8B23310D6F00E822E0 /* SF-Pro-Display-Regular.otf */; };
		5C0DB049239540D300004571 /* SF-Pro-Display-RegularItalic.otf in Resources */ = {isa = PBXBuildFile; fileRef = 5C106E8C23310D6F00E822E0 /* SF-Pro-Display-RegularItalic.otf */; };
		5C0DB04A239540D600004571 /* SF-Pro-Display-Semibold.otf in Resources */ = {isa = PBXBuildFile; fileRef = 5C106E8823310D6F00E822E0 /* SF-Pro-Display-Semibold.otf */; };
		5C0DB04B239540D900004571 /* SF-Pro-Display-SemiboldItalic.otf in Resources */ = {isa = PBXBuildFile; fileRef = 5C106E8D23310D6F00E822E0 /* SF-Pro-Display-SemiboldItalic.otf */; };
		5C0DB04C239540DB00004571 /* SF-Pro-Display-Thin.otf in Resources */ = {isa = PBXBuildFile; fileRef = 5C106E8F23310D6F00E822E0 /* SF-Pro-Display-Thin.otf */; };
		5C0DB04D239540DF00004571 /* SF-Pro-Display-ThinItalic.otf in Resources */ = {isa = PBXBuildFile; fileRef = 5C106E9023310D7000E822E0 /* SF-Pro-Display-ThinItalic.otf */; };
		5C0DB04E239540E200004571 /* SF-Pro-Display-Ultralight.otf in Resources */ = {isa = PBXBuildFile; fileRef = 5C106E9623310D7000E822E0 /* SF-Pro-Display-Ultralight.otf */; };
		5C0DB04F239540E600004571 /* SF-Pro-Display-UltralightItalic.otf in Resources */ = {isa = PBXBuildFile; fileRef = 5C106E9423310D7000E822E0 /* SF-Pro-Display-UltralightItalic.otf */; };
		5C106E762329302600E822E0 /* CategoriesTableViewController.swift in Sources */ = {isa = PBXBuildFile; fileRef = 5C106E752329302600E822E0 /* CategoriesTableViewController.swift */; };
		5C106E7823293B9E00E822E0 /* CategoriaTableViewCell.swift in Sources */ = {isa = PBXBuildFile; fileRef = 5C106E7723293B9E00E822E0 /* CategoriaTableViewCell.swift */; };
		5C106E7A232946DE00E822E0 /* Categorias.swift in Sources */ = {isa = PBXBuildFile; fileRef = 5C106E79232946DE00E822E0 /* Categorias.swift */; };
		5C106E7D232A82C200E822E0 /* SegueFromRight.swift in Sources */ = {isa = PBXBuildFile; fileRef = 5C106E7C232A82C200E822E0 /* SegueFromRight.swift */; };
		5C106E7F232A94F200E822E0 /* TurnViewController.swift in Sources */ = {isa = PBXBuildFile; fileRef = 5C106E7E232A94F200E822E0 /* TurnViewController.swift */; };
		5C106E85232BD97100E822E0 /* ComunicaoTelaViewController.swift in Sources */ = {isa = PBXBuildFile; fileRef = 5C106E84232BD97100E822E0 /* ComunicaoTelaViewController.swift */; };
		5C13600E2357716600A3651D /* EditNamesViewController.swift in Sources */ = {isa = PBXBuildFile; fileRef = 5C13600D2357716600A3651D /* EditNamesViewController.swift */; };
		5C1AE09D2314A14200950738 /* AppDelegate.swift in Sources */ = {isa = PBXBuildFile; fileRef = 5C1AE09C2314A14200950738 /* AppDelegate.swift */; };
		5C1AE09F2314A14200950738 /* InserirNomesViewController.swift in Sources */ = {isa = PBXBuildFile; fileRef = 5C1AE09E2314A14200950738 /* InserirNomesViewController.swift */; };
		5C1AE0A22314A14200950738 /* Main.storyboard in Resources */ = {isa = PBXBuildFile; fileRef = 5C1AE0A02314A14200950738 /* Main.storyboard */; };
		5C1AE0A52314A14200950738 /* romance.xcdatamodeld in Sources */ = {isa = PBXBuildFile; fileRef = 5C1AE0A32314A14200950738 /* romance.xcdatamodeld */; };
		5C1AE0A72314A14300950738 /* Assets.xcassets in Resources */ = {isa = PBXBuildFile; fileRef = 5C1AE0A62314A14300950738 /* Assets.xcassets */; };
		5C1AE0AA2314A14300950738 /* LaunchScreen.storyboard in Resources */ = {isa = PBXBuildFile; fileRef = 5C1AE0A82314A14300950738 /* LaunchScreen.storyboard */; };
		5C1AE0B52314A14300950738 /* romanceTests.swift in Sources */ = {isa = PBXBuildFile; fileRef = 5C1AE0B42314A14300950738 /* romanceTests.swift */; };
		5C1AE0C02314A14300950738 /* romanceUITests.swift in Sources */ = {isa = PBXBuildFile; fileRef = 5C1AE0BF2314A14300950738 /* romanceUITests.swift */; };
		5C233885234B718300A321F1 /* Rounds.swift in Sources */ = {isa = PBXBuildFile; fileRef = 5C233884234B718300A321F1 /* Rounds.swift */; };
		5C4F2F92238D5E19003C9433 /* ActivitiesCommunicationTableViewCell.swift in Sources */ = {isa = PBXBuildFile; fileRef = 5C4F2F91238D5E19003C9433 /* ActivitiesCommunicationTableViewCell.swift */; };
		5C4F2F94238D6481003C9433 /* Activities.swift in Sources */ = {isa = PBXBuildFile; fileRef = 5C4F2F93238D6481003C9433 /* Activities.swift */; };
		5C4F2F96238D6DBE003C9433 /* TimedDiscussionViewController.swift in Sources */ = {isa = PBXBuildFile; fileRef = 5C4F2F95238D6DBE003C9433 /* TimedDiscussionViewController.swift */; };
		5C4F2F98238D7553003C9433 /* FunnySpeachViewController.swift in Sources */ = {isa = PBXBuildFile; fileRef = 5C4F2F97238D7553003C9433 /* FunnySpeachViewController.swift */; };
		5C4F2F9A238D75F4003C9433 /* SentencesActivityViewController.swift in Sources */ = {isa = PBXBuildFile; fileRef = 5C4F2F99238D75F4003C9433 /* SentencesActivityViewController.swift */; };
		5C593AA3231FF8FD00588B01 /* UIColorExtensions.swift in Sources */ = {isa = PBXBuildFile; fileRef = 5C593AA2231FF8FD00588B01 /* UIColorExtensions.swift */; };
		5C72C4D0234CE1F800CA99A4 /* PlayScreenViewController.swift in Sources */ = {isa = PBXBuildFile; fileRef = 5C72C4CF234CE1F800CA99A4 /* PlayScreenViewController.swift */; };
		5C85100F231DFB3F00C1A74B /* CardTelaViewController.swift in Sources */ = {isa = PBXBuildFile; fileRef = 5C85100E231DFB3F00C1A74B /* CardTelaViewController.swift */; };
		5C851011231DFB9500C1A74B /* InicialDinamica2ViewController.swift in Sources */ = {isa = PBXBuildFile; fileRef = 5C851010231DFB9500C1A74B /* InicialDinamica2ViewController.swift */; };
		5C94384C2318165500622634 /* TelaCronometroViewController.swift in Sources */ = {isa = PBXBuildFile; fileRef = 5C94384B2318165500622634 /* TelaCronometroViewController.swift */; };
		5CCB47232344F374006190E8 /* Motion.swift in Sources */ = {isa = PBXBuildFile; fileRef = 5CCB47222344F374006190E8 /* Motion.swift */; };
		5CCC5EC623574E5B00D78D90 /* FamiliarityViewController.swift in Sources */ = {isa = PBXBuildFile; fileRef = 5CCC5EC523574E5B00D78D90 /* FamiliarityViewController.swift */; };
		5CF90AD32329299D00CC96CD /* FrasesRandomicaViewController.swift in Sources */ = {isa = PBXBuildFile; fileRef = 5CF90AD22329299D00CC96CD /* FrasesRandomicaViewController.swift */; };
		8DFCE56049F7B7AE9C2AE774 /* Pods_romanceTests.framework in Frameworks */ = {isa = PBXBuildFile; fileRef = 9F849F3807C8BDB5DA882844 /* Pods_romanceTests.framework */; };
		AB2B4A82AB26216E318AEC75 /* Pods_romance.framework in Frameworks */ = {isa = PBXBuildFile; fileRef = 2B4D58BDD0AD8AD4343C6BF4 /* Pods_romance.framework */; };
		AD4DD7BA59DB61568FF83339 /* Pods_romanceUITests.framework in Frameworks */ = {isa = PBXBuildFile; fileRef = 40EB277CB6D9AEB6D431E06A /* Pods_romanceUITests.framework */; };
/* End PBXBuildFile section */

/* Begin PBXContainerItemProxy section */
		5C1AE0B12314A14300950738 /* PBXContainerItemProxy */ = {
			isa = PBXContainerItemProxy;
			containerPortal = 5C1AE0912314A14100950738 /* Project object */;
			proxyType = 1;
			remoteGlobalIDString = 5C1AE0982314A14100950738;
			remoteInfo = romance;
		};
		5C1AE0BC2314A14300950738 /* PBXContainerItemProxy */ = {
			isa = PBXContainerItemProxy;
			containerPortal = 5C1AE0912314A14100950738 /* Project object */;
			proxyType = 1;
			remoteGlobalIDString = 5C1AE0982314A14100950738;
			remoteInfo = romance;
		};
/* End PBXContainerItemProxy section */

/* Begin PBXFileReference section */
		0AB65113904A78B278E6710A /* Pods-romance.debug.xcconfig */ = {isa = PBXFileReference; includeInIndex = 1; lastKnownFileType = text.xcconfig; name = "Pods-romance.debug.xcconfig"; path = "Target Support Files/Pods-romance/Pods-romance.debug.xcconfig"; sourceTree = "<group>"; };
		1F15CD85233E3C270025FC94 /* UIFeedback.swift */ = {isa = PBXFileReference; lastKnownFileType = sourcecode.swift; path = UIFeedback.swift; sourceTree = "<group>"; };
		1F8F2567231C959500C4E083 /* EndGameViewController.swift */ = {isa = PBXFileReference; lastKnownFileType = sourcecode.swift; path = EndGameViewController.swift; sourceTree = "<group>"; };
		1FBB7C67232DF30200C4A8C2 /* EndActivityTwoViewController.swift */ = {isa = PBXFileReference; lastKnownFileType = sourcecode.swift; path = EndActivityTwoViewController.swift; sourceTree = "<group>"; };
		1FBEB4A0239401340077ADA4 /* SecondTurnViewController.swift */ = {isa = PBXFileReference; lastKnownFileType = sourcecode.swift; path = SecondTurnViewController.swift; sourceTree = "<group>"; };
		1FBEB4A22394015A0077ADA4 /* SecondCardViewController.swift */ = {isa = PBXFileReference; lastKnownFileType = sourcecode.swift; path = SecondCardViewController.swift; sourceTree = "<group>"; };
		1FCCA7BA232DC7C1000FBC48 /* Couple.swift */ = {isa = PBXFileReference; lastKnownFileType = sourcecode.swift; path = Couple.swift; sourceTree = "<group>"; };
		1FD1B7E22398C625004FBA59 /* EndVcOfTheSentencesActivity.swift */ = {isa = PBXFileReference; lastKnownFileType = sourcecode.swift; path = EndVcOfTheSentencesActivity.swift; sourceTree = "<group>"; };
		1FD1B7E42398CD43004FBA59 /* EndVcOfQOCT.swift */ = {isa = PBXFileReference; lastKnownFileType = sourcecode.swift; path = EndVcOfQOCT.swift; sourceTree = "<group>"; };
		1FD1B7E62398CD73004FBA59 /* EndVcOfSoundOfSilence.swift */ = {isa = PBXFileReference; lastKnownFileType = sourcecode.swift; path = EndVcOfSoundOfSilence.swift; sourceTree = "<group>"; };
		1FEBDC3A23176EBC00646F06 /* ArrayDeTemas.swift */ = {isa = PBXFileReference; lastKnownFileType = sourcecode.swift; path = ArrayDeTemas.swift; sourceTree = "<group>"; };
		1FEBDC3C23176F0400646F06 /* Dinamica03ViewController.swift */ = {isa = PBXFileReference; lastKnownFileType = sourcecode.swift; path = Dinamica03ViewController.swift; sourceTree = "<group>"; };
		1FF42AEE235F367C001816CC /* QOCTActivityScreenViewController.swift */ = {isa = PBXFileReference; lastKnownFileType = sourcecode.swift; path = QOCTActivityScreenViewController.swift; sourceTree = "<group>"; };
		21DDF71AD54B0A3EC988AFDA /* Pods-romanceUITests.debug.xcconfig */ = {isa = PBXFileReference; includeInIndex = 1; lastKnownFileType = text.xcconfig; name = "Pods-romanceUITests.debug.xcconfig"; path = "Target Support Files/Pods-romanceUITests/Pods-romanceUITests.debug.xcconfig"; sourceTree = "<group>"; };
		2B4D58BDD0AD8AD4343C6BF4 /* Pods_romance.framework */ = {isa = PBXFileReference; explicitFileType = wrapper.framework; includeInIndex = 0; path = Pods_romance.framework; sourceTree = BUILT_PRODUCTS_DIR; };
		40EB277CB6D9AEB6D431E06A /* Pods_romanceUITests.framework */ = {isa = PBXFileReference; explicitFileType = wrapper.framework; includeInIndex = 0; path = Pods_romanceUITests.framework; sourceTree = BUILT_PRODUCTS_DIR; };
		4F12A2A0926B4B4441C168FF /* Pods-romanceUITests.release.xcconfig */ = {isa = PBXFileReference; includeInIndex = 1; lastKnownFileType = text.xcconfig; name = "Pods-romanceUITests.release.xcconfig"; path = "Target Support Files/Pods-romanceUITests/Pods-romanceUITests.release.xcconfig"; sourceTree = "<group>"; };
		559645207F248552548CDA56 /* Pods-romance.release.xcconfig */ = {isa = PBXFileReference; includeInIndex = 1; lastKnownFileType = text.xcconfig; name = "Pods-romance.release.xcconfig"; path = "Target Support Files/Pods-romance/Pods-romance.release.xcconfig"; sourceTree = "<group>"; };
		5C106E752329302600E822E0 /* CategoriesTableViewController.swift */ = {isa = PBXFileReference; lastKnownFileType = sourcecode.swift; path = CategoriesTableViewController.swift; sourceTree = "<group>"; };
		5C106E7723293B9E00E822E0 /* CategoriaTableViewCell.swift */ = {isa = PBXFileReference; lastKnownFileType = sourcecode.swift; path = CategoriaTableViewCell.swift; sourceTree = "<group>"; };
		5C106E79232946DE00E822E0 /* Categorias.swift */ = {isa = PBXFileReference; lastKnownFileType = sourcecode.swift; path = Categorias.swift; sourceTree = "<group>"; };
		5C106E7C232A82C200E822E0 /* SegueFromRight.swift */ = {isa = PBXFileReference; lastKnownFileType = sourcecode.swift; path = SegueFromRight.swift; sourceTree = "<group>"; };
		5C106E7E232A94F200E822E0 /* TurnViewController.swift */ = {isa = PBXFileReference; lastKnownFileType = sourcecode.swift; path = TurnViewController.swift; sourceTree = "<group>"; };
		5C106E84232BD97100E822E0 /* ComunicaoTelaViewController.swift */ = {isa = PBXFileReference; lastKnownFileType = sourcecode.swift; path = ComunicaoTelaViewController.swift; sourceTree = "<group>"; };
		5C106E8823310D6F00E822E0 /* SF-Pro-Display-Semibold.otf */ = {isa = PBXFileReference; lastKnownFileType = file; path = "SF-Pro-Display-Semibold.otf"; sourceTree = "<group>"; };
		5C106E8923310D6F00E822E0 /* SF-Pro-Display-Light.otf */ = {isa = PBXFileReference; lastKnownFileType = file; path = "SF-Pro-Display-Light.otf"; sourceTree = "<group>"; };
		5C106E8A23310D6F00E822E0 /* SF-Pro-Display-Medium.otf */ = {isa = PBXFileReference; lastKnownFileType = file; path = "SF-Pro-Display-Medium.otf"; sourceTree = "<group>"; };
		5C106E8B23310D6F00E822E0 /* SF-Pro-Display-Regular.otf */ = {isa = PBXFileReference; lastKnownFileType = file; path = "SF-Pro-Display-Regular.otf"; sourceTree = "<group>"; };
		5C106E8C23310D6F00E822E0 /* SF-Pro-Display-RegularItalic.otf */ = {isa = PBXFileReference; lastKnownFileType = file; path = "SF-Pro-Display-RegularItalic.otf"; sourceTree = "<group>"; };
		5C106E8D23310D6F00E822E0 /* SF-Pro-Display-SemiboldItalic.otf */ = {isa = PBXFileReference; lastKnownFileType = file; path = "SF-Pro-Display-SemiboldItalic.otf"; sourceTree = "<group>"; };
		5C106E8E23310D6F00E822E0 /* SF-Pro-Display-HeavyItalic.otf */ = {isa = PBXFileReference; lastKnownFileType = file; path = "SF-Pro-Display-HeavyItalic.otf"; sourceTree = "<group>"; };
		5C106E8F23310D6F00E822E0 /* SF-Pro-Display-Thin.otf */ = {isa = PBXFileReference; lastKnownFileType = file; path = "SF-Pro-Display-Thin.otf"; sourceTree = "<group>"; };
		5C106E9023310D7000E822E0 /* SF-Pro-Display-ThinItalic.otf */ = {isa = PBXFileReference; lastKnownFileType = file; path = "SF-Pro-Display-ThinItalic.otf"; sourceTree = "<group>"; };
		5C106E9123310D7000E822E0 /* SF-Pro-Display-LightItalic.otf */ = {isa = PBXFileReference; lastKnownFileType = file; path = "SF-Pro-Display-LightItalic.otf"; sourceTree = "<group>"; };
		5C106E9223310D7000E822E0 /* SF-Pro-Display-Heavy.otf */ = {isa = PBXFileReference; lastKnownFileType = file; path = "SF-Pro-Display-Heavy.otf"; sourceTree = "<group>"; };
		5C106E9323310D7000E822E0 /* SF-Pro-Display-BlackItalic.otf */ = {isa = PBXFileReference; lastKnownFileType = file; path = "SF-Pro-Display-BlackItalic.otf"; sourceTree = "<group>"; };
		5C106E9423310D7000E822E0 /* SF-Pro-Display-UltralightItalic.otf */ = {isa = PBXFileReference; lastKnownFileType = file; path = "SF-Pro-Display-UltralightItalic.otf"; sourceTree = "<group>"; };
		5C106E9523310D7000E822E0 /* SF-Pro-Display-BoldItalic.otf */ = {isa = PBXFileReference; lastKnownFileType = file; path = "SF-Pro-Display-BoldItalic.otf"; sourceTree = "<group>"; };
		5C106E9623310D7000E822E0 /* SF-Pro-Display-Ultralight.otf */ = {isa = PBXFileReference; lastKnownFileType = file; path = "SF-Pro-Display-Ultralight.otf"; sourceTree = "<group>"; };
		5C106E9723310D7000E822E0 /* SF-Pro-Display-Bold.otf */ = {isa = PBXFileReference; lastKnownFileType = file; path = "SF-Pro-Display-Bold.otf"; sourceTree = "<group>"; };
		5C106E9823310D7000E822E0 /* SF-Pro-Display-MediumItalic.otf */ = {isa = PBXFileReference; lastKnownFileType = file; path = "SF-Pro-Display-MediumItalic.otf"; sourceTree = "<group>"; };
		5C13600D2357716600A3651D /* EditNamesViewController.swift */ = {isa = PBXFileReference; lastKnownFileType = sourcecode.swift; path = EditNamesViewController.swift; sourceTree = "<group>"; };
		5C1AE0992314A14100950738 /* romance.app */ = {isa = PBXFileReference; explicitFileType = wrapper.application; includeInIndex = 0; path = romance.app; sourceTree = BUILT_PRODUCTS_DIR; };
		5C1AE09C2314A14200950738 /* AppDelegate.swift */ = {isa = PBXFileReference; lastKnownFileType = sourcecode.swift; path = AppDelegate.swift; sourceTree = "<group>"; };
		5C1AE09E2314A14200950738 /* InserirNomesViewController.swift */ = {isa = PBXFileReference; lastKnownFileType = sourcecode.swift; path = InserirNomesViewController.swift; sourceTree = "<group>"; };
		5C1AE0A12314A14200950738 /* Base */ = {isa = PBXFileReference; lastKnownFileType = file.storyboard; name = Base; path = Base.lproj/Main.storyboard; sourceTree = "<group>"; };
		5C1AE0A42314A14200950738 /* romance.xcdatamodel */ = {isa = PBXFileReference; lastKnownFileType = wrapper.xcdatamodel; path = romance.xcdatamodel; sourceTree = "<group>"; };
		5C1AE0A62314A14300950738 /* Assets.xcassets */ = {isa = PBXFileReference; lastKnownFileType = folder.assetcatalog; path = Assets.xcassets; sourceTree = "<group>"; };
		5C1AE0A92314A14300950738 /* Base */ = {isa = PBXFileReference; lastKnownFileType = file.storyboard; name = Base; path = Base.lproj/LaunchScreen.storyboard; sourceTree = "<group>"; };
		5C1AE0AB2314A14300950738 /* Info.plist */ = {isa = PBXFileReference; lastKnownFileType = text.plist.xml; path = Info.plist; sourceTree = "<group>"; };
		5C1AE0B02314A14300950738 /* romanceTests.xctest */ = {isa = PBXFileReference; explicitFileType = wrapper.cfbundle; includeInIndex = 0; path = romanceTests.xctest; sourceTree = BUILT_PRODUCTS_DIR; };
		5C1AE0B42314A14300950738 /* romanceTests.swift */ = {isa = PBXFileReference; lastKnownFileType = sourcecode.swift; path = romanceTests.swift; sourceTree = "<group>"; };
		5C1AE0B62314A14300950738 /* Info.plist */ = {isa = PBXFileReference; lastKnownFileType = text.plist.xml; path = Info.plist; sourceTree = "<group>"; };
		5C1AE0BB2314A14300950738 /* romanceUITests.xctest */ = {isa = PBXFileReference; explicitFileType = wrapper.cfbundle; includeInIndex = 0; path = romanceUITests.xctest; sourceTree = BUILT_PRODUCTS_DIR; };
		5C1AE0BF2314A14300950738 /* romanceUITests.swift */ = {isa = PBXFileReference; lastKnownFileType = sourcecode.swift; path = romanceUITests.swift; sourceTree = "<group>"; };
		5C1AE0C12314A14300950738 /* Info.plist */ = {isa = PBXFileReference; lastKnownFileType = text.plist.xml; path = Info.plist; sourceTree = "<group>"; };
		5C233884234B718300A321F1 /* Rounds.swift */ = {isa = PBXFileReference; lastKnownFileType = sourcecode.swift; path = Rounds.swift; sourceTree = "<group>"; };
		5C4F2F91238D5E19003C9433 /* ActivitiesCommunicationTableViewCell.swift */ = {isa = PBXFileReference; lastKnownFileType = sourcecode.swift; path = ActivitiesCommunicationTableViewCell.swift; sourceTree = "<group>"; };
		5C4F2F93238D6481003C9433 /* Activities.swift */ = {isa = PBXFileReference; lastKnownFileType = sourcecode.swift; path = Activities.swift; sourceTree = "<group>"; };
		5C4F2F95238D6DBE003C9433 /* TimedDiscussionViewController.swift */ = {isa = PBXFileReference; lastKnownFileType = sourcecode.swift; path = TimedDiscussionViewController.swift; sourceTree = "<group>"; };
		5C4F2F97238D7553003C9433 /* FunnySpeachViewController.swift */ = {isa = PBXFileReference; lastKnownFileType = sourcecode.swift; path = FunnySpeachViewController.swift; sourceTree = "<group>"; };
		5C4F2F99238D75F4003C9433 /* SentencesActivityViewController.swift */ = {isa = PBXFileReference; lastKnownFileType = sourcecode.swift; path = SentencesActivityViewController.swift; sourceTree = "<group>"; };
		5C593AA2231FF8FD00588B01 /* UIColorExtensions.swift */ = {isa = PBXFileReference; lastKnownFileType = sourcecode.swift; path = UIColorExtensions.swift; sourceTree = "<group>"; };
		5C72C4CF234CE1F800CA99A4 /* PlayScreenViewController.swift */ = {isa = PBXFileReference; lastKnownFileType = sourcecode.swift; name = PlayScreenViewController.swift; path = Model/PlayScreenViewController.swift; sourceTree = SOURCE_ROOT; };
		5C85100E231DFB3F00C1A74B /* CardTelaViewController.swift */ = {isa = PBXFileReference; lastKnownFileType = sourcecode.swift; path = CardTelaViewController.swift; sourceTree = "<group>"; };
		5C851010231DFB9500C1A74B /* InicialDinamica2ViewController.swift */ = {isa = PBXFileReference; lastKnownFileType = sourcecode.swift; path = InicialDinamica2ViewController.swift; sourceTree = "<group>"; };
		5C94384B2318165500622634 /* TelaCronometroViewController.swift */ = {isa = PBXFileReference; lastKnownFileType = sourcecode.swift; path = TelaCronometroViewController.swift; sourceTree = "<group>"; };
		5CCB47222344F374006190E8 /* Motion.swift */ = {isa = PBXFileReference; lastKnownFileType = sourcecode.swift; path = Motion.swift; sourceTree = "<group>"; };
		5CCC5EC523574E5B00D78D90 /* FamiliarityViewController.swift */ = {isa = PBXFileReference; lastKnownFileType = sourcecode.swift; path = FamiliarityViewController.swift; sourceTree = "<group>"; };
		5CF90AD22329299D00CC96CD /* FrasesRandomicaViewController.swift */ = {isa = PBXFileReference; lastKnownFileType = sourcecode.swift; path = FrasesRandomicaViewController.swift; sourceTree = "<group>"; };
		86B5FDF3202CA8437D5C463F /* Pods-romanceTests.debug.xcconfig */ = {isa = PBXFileReference; includeInIndex = 1; lastKnownFileType = text.xcconfig; name = "Pods-romanceTests.debug.xcconfig"; path = "Target Support Files/Pods-romanceTests/Pods-romanceTests.debug.xcconfig"; sourceTree = "<group>"; };
		9F849F3807C8BDB5DA882844 /* Pods_romanceTests.framework */ = {isa = PBXFileReference; explicitFileType = wrapper.framework; includeInIndex = 0; path = Pods_romanceTests.framework; sourceTree = BUILT_PRODUCTS_DIR; };
		A3FF883A8EE0229F2BAD824B /* Pods-romanceTests.release.xcconfig */ = {isa = PBXFileReference; includeInIndex = 1; lastKnownFileType = text.xcconfig; name = "Pods-romanceTests.release.xcconfig"; path = "Target Support Files/Pods-romanceTests/Pods-romanceTests.release.xcconfig"; sourceTree = "<group>"; };
/* End PBXFileReference section */

/* Begin PBXFrameworksBuildPhase section */
		5C1AE0962314A14100950738 /* Frameworks */ = {
			isa = PBXFrameworksBuildPhase;
			buildActionMask = 2147483647;
			files = (
				AB2B4A82AB26216E318AEC75 /* Pods_romance.framework in Frameworks */,
			);
			runOnlyForDeploymentPostprocessing = 0;
		};
		5C1AE0AD2314A14300950738 /* Frameworks */ = {
			isa = PBXFrameworksBuildPhase;
			buildActionMask = 2147483647;
			files = (
				8DFCE56049F7B7AE9C2AE774 /* Pods_romanceTests.framework in Frameworks */,
			);
			runOnlyForDeploymentPostprocessing = 0;
		};
		5C1AE0B82314A14300950738 /* Frameworks */ = {
			isa = PBXFrameworksBuildPhase;
			buildActionMask = 2147483647;
			files = (
				AD4DD7BA59DB61568FF83339 /* Pods_romanceUITests.framework in Frameworks */,
			);
			runOnlyForDeploymentPostprocessing = 0;
		};
/* End PBXFrameworksBuildPhase section */

/* Begin PBXGroup section */
		1F58CE262344F2CE002A828F /* Comunnication */ = {
			isa = PBXGroup;
			children = (
				5CF90AD1232928DE00CC96CD /* TheSentencesActivity */,
				5CF90AD0232928A100CC96CD /* FunnySpeach */,
				5CF90ACF2329287600CC96CD /* TimedDiscussion */,
			);
			path = Comunnication;
			sourceTree = "<group>";
		};
		1F58CE272344F34B002A828F /* Empathy */ = {
			isa = PBXGroup;
			children = (
			);
			path = Empathy;
			sourceTree = "<group>";
		};
		1F58CE282344F38F002A828F /* Familiarity */ = {
			isa = PBXGroup;
			children = (
				1FF42AE9235F3574001816CC /* QuestionsOfCoupleTherapy */,
				5C72C4CF234CE1F800CA99A4 /* PlayScreenViewController.swift */,
				1FD1B7E62398CD73004FBA59 /* EndVcOfSoundOfSilence.swift */,
			);
			path = Familiarity;
			sourceTree = "<group>";
		};
		1F58CE292344F446002A828F /* SettingName */ = {
			isa = PBXGroup;
			children = (
				5C13600D2357716600A3651D /* EditNamesViewController.swift */,
				5C851010231DFB9500C1A74B /* InicialDinamica2ViewController.swift */,
			);
			path = SettingName;
			sourceTree = "<group>";
		};
		1FF42AE9235F3574001816CC /* QuestionsOfCoupleTherapy */ = {
			isa = PBXGroup;
			children = (
				1FF42AEE235F367C001816CC /* QOCTActivityScreenViewController.swift */,
				1FD1B7E42398CD43004FBA59 /* EndVcOfQOCT.swift */,
			);
			path = QuestionsOfCoupleTherapy;
			sourceTree = "<group>";
		};
		2FE299EC6CE6A901D73B91CD /* Pods */ = {
			isa = PBXGroup;
			children = (
				0AB65113904A78B278E6710A /* Pods-romance.debug.xcconfig */,
				559645207F248552548CDA56 /* Pods-romance.release.xcconfig */,
				86B5FDF3202CA8437D5C463F /* Pods-romanceTests.debug.xcconfig */,
				A3FF883A8EE0229F2BAD824B /* Pods-romanceTests.release.xcconfig */,
				21DDF71AD54B0A3EC988AFDA /* Pods-romanceUITests.debug.xcconfig */,
				4F12A2A0926B4B4441C168FF /* Pods-romanceUITests.release.xcconfig */,
			);
			path = Pods;
			sourceTree = "<group>";
		};
		38D4890BAFAB5A2BC50CBAAB /* Frameworks */ = {
			isa = PBXGroup;
			children = (
				2B4D58BDD0AD8AD4343C6BF4 /* Pods_romance.framework */,
				9F849F3807C8BDB5DA882844 /* Pods_romanceTests.framework */,
				40EB277CB6D9AEB6D431E06A /* Pods_romanceUITests.framework */,
			);
			name = Frameworks;
			sourceTree = "<group>";
		};
		5C106E86232BE0ED00E822E0 /* Categories */ = {
			isa = PBXGroup;
			children = (
				1F58CE282344F38F002A828F /* Familiarity */,
				1F58CE272344F34B002A828F /* Empathy */,
				1F58CE262344F2CE002A828F /* Comunnication */,
				5C106E752329302600E822E0 /* CategoriesTableViewController.swift */,
				5C106E7723293B9E00E822E0 /* CategoriaTableViewCell.swift */,
				5C4F2F91238D5E19003C9433 /* ActivitiesCommunicationTableViewCell.swift */,
			);
			path = Categories;
			sourceTree = "<group>";
		};
		5C106E87232BE0FC00E822E0 /* ScreenOfActivities */ = {
			isa = PBXGroup;
			children = (
				5C106E84232BD97100E822E0 /* ComunicaoTelaViewController.swift */,
				5CCC5EC523574E5B00D78D90 /* FamiliarityViewController.swift */,
			);
			path = ScreenOfActivities;
			sourceTree = "<group>";
		};
		5C1AE0902314A14100950738 = {
			isa = PBXGroup;
			children = (
				5C52D7012322A3FC0055F78F /* Resources */,
				5C1AE09B2314A14100950738 /* romance */,
				5C9438442314ABDE00622634 /* Controller */,
				5C9438432314ABD500622634 /* View */,
				5C9438422314ABC800622634 /* Model */,
				5C1AE0B32314A14300950738 /* romanceTests */,
				5C1AE0BE2314A14300950738 /* romanceUITests */,
				5C1AE09A2314A14100950738 /* Products */,
				2FE299EC6CE6A901D73B91CD /* Pods */,
				38D4890BAFAB5A2BC50CBAAB /* Frameworks */,
			);
			sourceTree = "<group>";
		};
		5C1AE09A2314A14100950738 /* Products */ = {
			isa = PBXGroup;
			children = (
				5C1AE0992314A14100950738 /* romance.app */,
				5C1AE0B02314A14300950738 /* romanceTests.xctest */,
				5C1AE0BB2314A14300950738 /* romanceUITests.xctest */,
			);
			name = Products;
			sourceTree = "<group>";
		};
		5C1AE09B2314A14100950738 /* romance */ = {
			isa = PBXGroup;
			children = (
				5C1AE0AB2314A14300950738 /* Info.plist */,
				5C1AE0A32314A14200950738 /* romance.xcdatamodeld */,
			);
			path = romance;
			sourceTree = "<group>";
		};
		5C1AE0B32314A14300950738 /* romanceTests */ = {
			isa = PBXGroup;
			children = (
				5C1AE0B42314A14300950738 /* romanceTests.swift */,
				5C1AE0B62314A14300950738 /* Info.plist */,
			);
			path = romanceTests;
			sourceTree = "<group>";
		};
		5C1AE0BE2314A14300950738 /* romanceUITests */ = {
			isa = PBXGroup;
			children = (
				5C1AE0BF2314A14300950738 /* romanceUITests.swift */,
				5C1AE0C12314A14300950738 /* Info.plist */,
			);
			path = romanceUITests;
			sourceTree = "<group>";
		};
		5C52D7012322A3FC0055F78F /* Resources */ = {
			isa = PBXGroup;
			children = (
				5C106E9323310D7000E822E0 /* SF-Pro-Display-BlackItalic.otf */,
				5C106E9723310D7000E822E0 /* SF-Pro-Display-Bold.otf */,
				5C106E9523310D7000E822E0 /* SF-Pro-Display-BoldItalic.otf */,
				5C106E9223310D7000E822E0 /* SF-Pro-Display-Heavy.otf */,
				5C106E8E23310D6F00E822E0 /* SF-Pro-Display-HeavyItalic.otf */,
				5C106E8923310D6F00E822E0 /* SF-Pro-Display-Light.otf */,
				5C106E9123310D7000E822E0 /* SF-Pro-Display-LightItalic.otf */,
				5C106E8A23310D6F00E822E0 /* SF-Pro-Display-Medium.otf */,
				5C106E9823310D7000E822E0 /* SF-Pro-Display-MediumItalic.otf */,
				5C106E8B23310D6F00E822E0 /* SF-Pro-Display-Regular.otf */,
				5C106E8C23310D6F00E822E0 /* SF-Pro-Display-RegularItalic.otf */,
				5C106E8823310D6F00E822E0 /* SF-Pro-Display-Semibold.otf */,
				5C106E8D23310D6F00E822E0 /* SF-Pro-Display-SemiboldItalic.otf */,
				5C106E8F23310D6F00E822E0 /* SF-Pro-Display-Thin.otf */,
				5C106E9023310D7000E822E0 /* SF-Pro-Display-ThinItalic.otf */,
				5C106E9623310D7000E822E0 /* SF-Pro-Display-Ultralight.otf */,
				5C106E9423310D7000E822E0 /* SF-Pro-Display-UltralightItalic.otf */,
			);
			path = Resources;
			sourceTree = "<group>";
		};
		5C9438422314ABC800622634 /* Model */ = {
			isa = PBXGroup;
			children = (
				5C1AE09C2314A14200950738 /* AppDelegate.swift */,
				1FEBDC3A23176EBC00646F06 /* ArrayDeTemas.swift */,
				5C593AA2231FF8FD00588B01 /* UIColorExtensions.swift */,
				5C106E79232946DE00E822E0 /* Categorias.swift */,
				5C106E7C232A82C200E822E0 /* SegueFromRight.swift */,
				1FCCA7BA232DC7C1000FBC48 /* Couple.swift */,
				1F15CD85233E3C270025FC94 /* UIFeedback.swift */,
				5CCB47222344F374006190E8 /* Motion.swift */,
				5C233884234B718300A321F1 /* Rounds.swift */,
				5C4F2F93238D6481003C9433 /* Activities.swift */,
			);
			path = Model;
			sourceTree = "<group>";
		};
		5C9438432314ABD500622634 /* View */ = {
			isa = PBXGroup;
			children = (
				5C1AE0A02314A14200950738 /* Main.storyboard */,
				5C1AE0A62314A14300950738 /* Assets.xcassets */,
				5C1AE0A82314A14300950738 /* LaunchScreen.storyboard */,
			);
			path = View;
			sourceTree = "<group>";
		};
		5C9438442314ABDE00622634 /* Controller */ = {
			isa = PBXGroup;
			children = (
				1F58CE292344F446002A828F /* SettingName */,
				5C106E87232BE0FC00E822E0 /* ScreenOfActivities */,
				5C106E86232BE0ED00E822E0 /* Categories */,
			);
			path = Controller;
			sourceTree = "<group>";
		};
		5CF90ACF2329287600CC96CD /* TimedDiscussion */ = {
			isa = PBXGroup;
			children = (
				5C4F2F95238D6DBE003C9433 /* TimedDiscussionViewController.swift */,
				1F8F2567231C959500C4E083 /* EndGameViewController.swift */,
				5C1AE09E2314A14200950738 /* InserirNomesViewController.swift */,
				1FEBDC3C23176F0400646F06 /* Dinamica03ViewController.swift */,
				5C94384B2318165500622634 /* TelaCronometroViewController.swift */,
			);
			path = TimedDiscussion;
			sourceTree = "<group>";
		};
		5CF90AD0232928A100CC96CD /* FunnySpeach */ = {
			isa = PBXGroup;
			children = (
				5C106E7E232A94F200E822E0 /* TurnViewController.swift */,
				5C85100E231DFB3F00C1A74B /* CardTelaViewController.swift */,
				1FBEB4A0239401340077ADA4 /* SecondTurnViewController.swift */,
				1FBEB4A22394015A0077ADA4 /* SecondCardViewController.swift */,
				1FBB7C67232DF30200C4A8C2 /* EndActivityTwoViewController.swift */,
				5C4F2F97238D7553003C9433 /* FunnySpeachViewController.swift */,
			);
			path = FunnySpeach;
			sourceTree = "<group>";
		};
		5CF90AD1232928DE00CC96CD /* TheSentencesActivity */ = {
			isa = PBXGroup;
			children = (
				5CF90AD22329299D00CC96CD /* FrasesRandomicaViewController.swift */,
				5C4F2F99238D75F4003C9433 /* SentencesActivityViewController.swift */,
				1FD1B7E22398C625004FBA59 /* EndVcOfTheSentencesActivity.swift */,
			);
			path = TheSentencesActivity;
			sourceTree = "<group>";
		};
/* End PBXGroup section */

/* Begin PBXNativeTarget section */
		5C1AE0982314A14100950738 /* romance */ = {
			isa = PBXNativeTarget;
			buildConfigurationList = 5C1AE0C42314A14300950738 /* Build configuration list for PBXNativeTarget "romance" */;
			buildPhases = (
				1061007056DF21133BBC2FCB /* [CP] Check Pods Manifest.lock */,
				5C1AE0952314A14100950738 /* Sources */,
				5C1AE0962314A14100950738 /* Frameworks */,
				5C1AE0972314A14100950738 /* Resources */,
				D498D320B33DECDFF2898928 /* [CP] Embed Pods Frameworks */,
			);
			buildRules = (
			);
			dependencies = (
			);
			name = romance;
			productName = romance;
			productReference = 5C1AE0992314A14100950738 /* romance.app */;
			productType = "com.apple.product-type.application";
		};
		5C1AE0AF2314A14300950738 /* romanceTests */ = {
			isa = PBXNativeTarget;
			buildConfigurationList = 5C1AE0C72314A14300950738 /* Build configuration list for PBXNativeTarget "romanceTests" */;
			buildPhases = (
				3058766FD4A5991DDD52132B /* [CP] Check Pods Manifest.lock */,
				5C1AE0AC2314A14300950738 /* Sources */,
				5C1AE0AD2314A14300950738 /* Frameworks */,
				5C1AE0AE2314A14300950738 /* Resources */,
			);
			buildRules = (
			);
			dependencies = (
				5C1AE0B22314A14300950738 /* PBXTargetDependency */,
			);
			name = romanceTests;
			productName = romanceTests;
			productReference = 5C1AE0B02314A14300950738 /* romanceTests.xctest */;
			productType = "com.apple.product-type.bundle.unit-test";
		};
		5C1AE0BA2314A14300950738 /* romanceUITests */ = {
			isa = PBXNativeTarget;
			buildConfigurationList = 5C1AE0CA2314A14300950738 /* Build configuration list for PBXNativeTarget "romanceUITests" */;
			buildPhases = (
				19E7D0C5373EE7BF794D1543 /* [CP] Check Pods Manifest.lock */,
				5C1AE0B72314A14300950738 /* Sources */,
				5C1AE0B82314A14300950738 /* Frameworks */,
				5C1AE0B92314A14300950738 /* Resources */,
			);
			buildRules = (
			);
			dependencies = (
				5C1AE0BD2314A14300950738 /* PBXTargetDependency */,
			);
			name = romanceUITests;
			productName = romanceUITests;
			productReference = 5C1AE0BB2314A14300950738 /* romanceUITests.xctest */;
			productType = "com.apple.product-type.bundle.ui-testing";
		};
/* End PBXNativeTarget section */

/* Begin PBXProject section */
		5C1AE0912314A14100950738 /* Project object */ = {
			isa = PBXProject;
			attributes = {
				LastSwiftUpdateCheck = 1030;
				LastUpgradeCheck = 1030;
				ORGANIZATIONNAME = "Rita de Cássia Vasconcelos do Nascimento";
				TargetAttributes = {
					5C1AE0982314A14100950738 = {
						CreatedOnToolsVersion = 10.3;
					};
					5C1AE0AF2314A14300950738 = {
						CreatedOnToolsVersion = 10.3;
						TestTargetID = 5C1AE0982314A14100950738;
					};
					5C1AE0BA2314A14300950738 = {
						CreatedOnToolsVersion = 10.3;
						TestTargetID = 5C1AE0982314A14100950738;
					};
				};
			};
			buildConfigurationList = 5C1AE0942314A14100950738 /* Build configuration list for PBXProject "romance" */;
			compatibilityVersion = "Xcode 9.3";
			developmentRegion = en;
			hasScannedForEncodings = 0;
			knownRegions = (
				en,
				Base,
			);
			mainGroup = 5C1AE0902314A14100950738;
			productRefGroup = 5C1AE09A2314A14100950738 /* Products */;
			projectDirPath = "";
			projectRoot = "";
			targets = (
				5C1AE0982314A14100950738 /* romance */,
				5C1AE0AF2314A14300950738 /* romanceTests */,
				5C1AE0BA2314A14300950738 /* romanceUITests */,
			);
		};
/* End PBXProject section */

/* Begin PBXResourcesBuildPhase section */
		5C1AE0972314A14100950738 /* Resources */ = {
			isa = PBXResourcesBuildPhase;
			buildActionMask = 2147483647;
			files = (
				5C0DB041239540B600004571 /* SF-Pro-Display-BoldItalic.otf in Resources */,
				5C0DB048239540CF00004571 /* SF-Pro-Display-Regular.otf in Resources */,
				5C0DB049239540D300004571 /* SF-Pro-Display-RegularItalic.otf in Resources */,
				5C1AE0AA2314A14300950738 /* LaunchScreen.storyboard in Resources */,
				5C0DB04D239540DF00004571 /* SF-Pro-Display-ThinItalic.otf in Resources */,
				5C0DB045239540C500004571 /* SF-Pro-Display-LightItalic.otf in Resources */,
				5C0DB04E239540E200004571 /* SF-Pro-Display-Ultralight.otf in Resources */,
				5C0DB042239540B900004571 /* SF-Pro-Display-Heavy.otf in Resources */,
				5C0DB047239540CB00004571 /* SF-Pro-Display-MediumItalic.otf in Resources */,
				5C0DB040239540B200004571 /* SF-Pro-Display-Bold.otf in Resources */,
				5C0DB044239540BF00004571 /* SF-Pro-Display-Light.otf in Resources */,
				5C0DB046239540C800004571 /* SF-Pro-Display-Medium.otf in Resources */,
				5C1AE0A72314A14300950738 /* Assets.xcassets in Resources */,
				5C1AE0A22314A14200950738 /* Main.storyboard in Resources */,
				5C0DB04B239540D900004571 /* SF-Pro-Display-SemiboldItalic.otf in Resources */,
				5C0DB04A239540D600004571 /* SF-Pro-Display-Semibold.otf in Resources */,
				5C0DB03F239540AF00004571 /* SF-Pro-Display-BlackItalic.otf in Resources */,
				5C0DB04C239540DB00004571 /* SF-Pro-Display-Thin.otf in Resources */,
				5C0DB043239540BC00004571 /* SF-Pro-Display-HeavyItalic.otf in Resources */,
				5C0DB04F239540E600004571 /* SF-Pro-Display-UltralightItalic.otf in Resources */,
			);
			runOnlyForDeploymentPostprocessing = 0;
		};
		5C1AE0AE2314A14300950738 /* Resources */ = {
			isa = PBXResourcesBuildPhase;
			buildActionMask = 2147483647;
			files = (
			);
			runOnlyForDeploymentPostprocessing = 0;
		};
		5C1AE0B92314A14300950738 /* Resources */ = {
			isa = PBXResourcesBuildPhase;
			buildActionMask = 2147483647;
			files = (
			);
			runOnlyForDeploymentPostprocessing = 0;
		};
/* End PBXResourcesBuildPhase section */

/* Begin PBXShellScriptBuildPhase section */
		1061007056DF21133BBC2FCB /* [CP] Check Pods Manifest.lock */ = {
			isa = PBXShellScriptBuildPhase;
			buildActionMask = 2147483647;
			files = (
			);
			inputFileListPaths = (
			);
			inputPaths = (
				"${PODS_PODFILE_DIR_PATH}/Podfile.lock",
				"${PODS_ROOT}/Manifest.lock",
			);
			name = "[CP] Check Pods Manifest.lock";
			outputFileListPaths = (
			);
			outputPaths = (
				"$(DERIVED_FILE_DIR)/Pods-romance-checkManifestLockResult.txt",
			);
			runOnlyForDeploymentPostprocessing = 0;
			shellPath = /bin/sh;
			shellScript = "diff \"${PODS_PODFILE_DIR_PATH}/Podfile.lock\" \"${PODS_ROOT}/Manifest.lock\" > /dev/null\nif [ $? != 0 ] ; then\n    # print error to STDERR\n    echo \"error: The sandbox is not in sync with the Podfile.lock. Run 'pod install' or update your CocoaPods installation.\" >&2\n    exit 1\nfi\n# This output is used by Xcode 'outputs' to avoid re-running this script phase.\necho \"SUCCESS\" > \"${SCRIPT_OUTPUT_FILE_0}\"\n";
			showEnvVarsInLog = 0;
		};
		19E7D0C5373EE7BF794D1543 /* [CP] Check Pods Manifest.lock */ = {
			isa = PBXShellScriptBuildPhase;
			buildActionMask = 2147483647;
			files = (
			);
			inputFileListPaths = (
			);
			inputPaths = (
				"${PODS_PODFILE_DIR_PATH}/Podfile.lock",
				"${PODS_ROOT}/Manifest.lock",
			);
			name = "[CP] Check Pods Manifest.lock";
			outputFileListPaths = (
			);
			outputPaths = (
				"$(DERIVED_FILE_DIR)/Pods-romanceUITests-checkManifestLockResult.txt",
			);
			runOnlyForDeploymentPostprocessing = 0;
			shellPath = /bin/sh;
			shellScript = "diff \"${PODS_PODFILE_DIR_PATH}/Podfile.lock\" \"${PODS_ROOT}/Manifest.lock\" > /dev/null\nif [ $? != 0 ] ; then\n    # print error to STDERR\n    echo \"error: The sandbox is not in sync with the Podfile.lock. Run 'pod install' or update your CocoaPods installation.\" >&2\n    exit 1\nfi\n# This output is used by Xcode 'outputs' to avoid re-running this script phase.\necho \"SUCCESS\" > \"${SCRIPT_OUTPUT_FILE_0}\"\n";
			showEnvVarsInLog = 0;
		};
		3058766FD4A5991DDD52132B /* [CP] Check Pods Manifest.lock */ = {
			isa = PBXShellScriptBuildPhase;
			buildActionMask = 2147483647;
			files = (
			);
			inputFileListPaths = (
			);
			inputPaths = (
				"${PODS_PODFILE_DIR_PATH}/Podfile.lock",
				"${PODS_ROOT}/Manifest.lock",
			);
			name = "[CP] Check Pods Manifest.lock";
			outputFileListPaths = (
			);
			outputPaths = (
				"$(DERIVED_FILE_DIR)/Pods-romanceTests-checkManifestLockResult.txt",
			);
			runOnlyForDeploymentPostprocessing = 0;
			shellPath = /bin/sh;
			shellScript = "diff \"${PODS_PODFILE_DIR_PATH}/Podfile.lock\" \"${PODS_ROOT}/Manifest.lock\" > /dev/null\nif [ $? != 0 ] ; then\n    # print error to STDERR\n    echo \"error: The sandbox is not in sync with the Podfile.lock. Run 'pod install' or update your CocoaPods installation.\" >&2\n    exit 1\nfi\n# This output is used by Xcode 'outputs' to avoid re-running this script phase.\necho \"SUCCESS\" > \"${SCRIPT_OUTPUT_FILE_0}\"\n";
			showEnvVarsInLog = 0;
		};
		D498D320B33DECDFF2898928 /* [CP] Embed Pods Frameworks */ = {
			isa = PBXShellScriptBuildPhase;
			buildActionMask = 2147483647;
			files = (
			);
			inputFileListPaths = (
				"${PODS_ROOT}/Target Support Files/Pods-romance/Pods-romance-frameworks-${CONFIGURATION}-input-files.xcfilelist",
			);
			name = "[CP] Embed Pods Frameworks";
			outputFileListPaths = (
				"${PODS_ROOT}/Target Support Files/Pods-romance/Pods-romance-frameworks-${CONFIGURATION}-output-files.xcfilelist",
			);
			runOnlyForDeploymentPostprocessing = 0;
			shellPath = /bin/sh;
			shellScript = "\"${PODS_ROOT}/Target Support Files/Pods-romance/Pods-romance-frameworks.sh\"\n";
			showEnvVarsInLog = 0;
		};
/* End PBXShellScriptBuildPhase section */

/* Begin PBXSourcesBuildPhase section */
		5C1AE0952314A14100950738 /* Sources */ = {
			isa = PBXSourcesBuildPhase;
			buildActionMask = 2147483647;
			files = (
				5C85100F231DFB3F00C1A74B /* CardTelaViewController.swift in Sources */,
				5C106E7F232A94F200E822E0 /* TurnViewController.swift in Sources */,
				1F15CD86233E3C270025FC94 /* UIFeedback.swift in Sources */,
				1FD1B7E52398CD43004FBA59 /* EndVcOfQOCT.swift in Sources */,
				1FBB7C68232DF30200C4A8C2 /* EndActivityTwoViewController.swift in Sources */,
				5C851011231DFB9500C1A74B /* InicialDinamica2ViewController.swift in Sources */,
				5C1AE09F2314A14200950738 /* InserirNomesViewController.swift in Sources */,
				5C1AE09D2314A14200950738 /* AppDelegate.swift in Sources */,
				5C72C4D0234CE1F800CA99A4 /* PlayScreenViewController.swift in Sources */,
				5C4F2F96238D6DBE003C9433 /* TimedDiscussionViewController.swift in Sources */,
				1FBEB4A32394015A0077ADA4 /* SecondCardViewController.swift in Sources */,
				5C4F2F94238D6481003C9433 /* Activities.swift in Sources */,
				5C4F2F92238D5E19003C9433 /* ActivitiesCommunicationTableViewCell.swift in Sources */,
				1FBEB4A1239401340077ADA4 /* SecondTurnViewController.swift in Sources */,
				5C94384C2318165500622634 /* TelaCronometroViewController.swift in Sources */,
				5CF90AD32329299D00CC96CD /* FrasesRandomicaViewController.swift in Sources */,
				5C1AE0A52314A14200950738 /* romance.xcdatamodeld in Sources */,
				5C593AA3231FF8FD00588B01 /* UIColorExtensions.swift in Sources */,
				1FD1B7E32398C625004FBA59 /* EndVcOfTheSentencesActivity.swift in Sources */,
				5C233885234B718300A321F1 /* Rounds.swift in Sources */,
				1FEBDC3B23176EBC00646F06 /* ArrayDeTemas.swift in Sources */,
				5C106E85232BD97100E822E0 /* ComunicaoTelaViewController.swift in Sources */,
				1F8F2568231C959500C4E083 /* EndGameViewController.swift in Sources */,
				1FEBDC3D23176F0400646F06 /* Dinamica03ViewController.swift in Sources */,
				5CCB47232344F374006190E8 /* Motion.swift in Sources */,
				5C106E762329302600E822E0 /* CategoriesTableViewController.swift in Sources */,
				5C4F2F9A238D75F4003C9433 /* SentencesActivityViewController.swift in Sources */,
				1FF42AEF235F367C001816CC /* QOCTActivityScreenViewController.swift in Sources */,
				1FCCA7BB232DC7C1000FBC48 /* Couple.swift in Sources */,
				5C106E7A232946DE00E822E0 /* Categorias.swift in Sources */,
				5C13600E2357716600A3651D /* EditNamesViewController.swift in Sources */,
				5C106E7D232A82C200E822E0 /* SegueFromRight.swift in Sources */,
				1FD1B7E72398CD73004FBA59 /* EndVcOfSoundOfSilence.swift in Sources */,
				5C4F2F98238D7553003C9433 /* FunnySpeachViewController.swift in Sources */,
				5CCC5EC623574E5B00D78D90 /* FamiliarityViewController.swift in Sources */,
				5C106E7823293B9E00E822E0 /* CategoriaTableViewCell.swift in Sources */,
			);
			runOnlyForDeploymentPostprocessing = 0;
		};
		5C1AE0AC2314A14300950738 /* Sources */ = {
			isa = PBXSourcesBuildPhase;
			buildActionMask = 2147483647;
			files = (
				5C1AE0B52314A14300950738 /* romanceTests.swift in Sources */,
			);
			runOnlyForDeploymentPostprocessing = 0;
		};
		5C1AE0B72314A14300950738 /* Sources */ = {
			isa = PBXSourcesBuildPhase;
			buildActionMask = 2147483647;
			files = (
				5C1AE0C02314A14300950738 /* romanceUITests.swift in Sources */,
			);
			runOnlyForDeploymentPostprocessing = 0;
		};
/* End PBXSourcesBuildPhase section */

/* Begin PBXTargetDependency section */
		5C1AE0B22314A14300950738 /* PBXTargetDependency */ = {
			isa = PBXTargetDependency;
			target = 5C1AE0982314A14100950738 /* romance */;
			targetProxy = 5C1AE0B12314A14300950738 /* PBXContainerItemProxy */;
		};
		5C1AE0BD2314A14300950738 /* PBXTargetDependency */ = {
			isa = PBXTargetDependency;
			target = 5C1AE0982314A14100950738 /* romance */;
			targetProxy = 5C1AE0BC2314A14300950738 /* PBXContainerItemProxy */;
		};
/* End PBXTargetDependency section */

/* Begin PBXVariantGroup section */
		5C1AE0A02314A14200950738 /* Main.storyboard */ = {
			isa = PBXVariantGroup;
			children = (
				5C1AE0A12314A14200950738 /* Base */,
			);
			name = Main.storyboard;
			sourceTree = "<group>";
		};
		5C1AE0A82314A14300950738 /* LaunchScreen.storyboard */ = {
			isa = PBXVariantGroup;
			children = (
				5C1AE0A92314A14300950738 /* Base */,
			);
			name = LaunchScreen.storyboard;
			sourceTree = "<group>";
		};
/* End PBXVariantGroup section */

/* Begin XCBuildConfiguration section */
		5C1AE0C22314A14300950738 /* Debug */ = {
			isa = XCBuildConfiguration;
			buildSettings = {
				ALWAYS_SEARCH_USER_PATHS = NO;
				CLANG_ANALYZER_NONNULL = YES;
				CLANG_ANALYZER_NUMBER_OBJECT_CONVERSION = YES_AGGRESSIVE;
				CLANG_CXX_LANGUAGE_STANDARD = "gnu++14";
				CLANG_CXX_LIBRARY = "libc++";
				CLANG_ENABLE_MODULES = YES;
				CLANG_ENABLE_OBJC_ARC = YES;
				CLANG_ENABLE_OBJC_WEAK = YES;
				CLANG_WARN_BLOCK_CAPTURE_AUTORELEASING = YES;
				CLANG_WARN_BOOL_CONVERSION = YES;
				CLANG_WARN_COMMA = YES;
				CLANG_WARN_CONSTANT_CONVERSION = YES;
				CLANG_WARN_DEPRECATED_OBJC_IMPLEMENTATIONS = YES;
				CLANG_WARN_DIRECT_OBJC_ISA_USAGE = YES_ERROR;
				CLANG_WARN_DOCUMENTATION_COMMENTS = YES;
				CLANG_WARN_EMPTY_BODY = YES;
				CLANG_WARN_ENUM_CONVERSION = YES;
				CLANG_WARN_INFINITE_RECURSION = YES;
				CLANG_WARN_INT_CONVERSION = YES;
				CLANG_WARN_NON_LITERAL_NULL_CONVERSION = YES;
				CLANG_WARN_OBJC_IMPLICIT_RETAIN_SELF = YES;
				CLANG_WARN_OBJC_LITERAL_CONVERSION = YES;
				CLANG_WARN_OBJC_ROOT_CLASS = YES_ERROR;
				CLANG_WARN_RANGE_LOOP_ANALYSIS = YES;
				CLANG_WARN_STRICT_PROTOTYPES = YES;
				CLANG_WARN_SUSPICIOUS_MOVE = YES;
				CLANG_WARN_UNGUARDED_AVAILABILITY = YES_AGGRESSIVE;
				CLANG_WARN_UNREACHABLE_CODE = YES;
				CLANG_WARN__DUPLICATE_METHOD_MATCH = YES;
				CODE_SIGN_IDENTITY = "iPhone Developer";
				COPY_PHASE_STRIP = NO;
				DEBUG_INFORMATION_FORMAT = dwarf;
				ENABLE_STRICT_OBJC_MSGSEND = YES;
				ENABLE_TESTABILITY = YES;
				GCC_C_LANGUAGE_STANDARD = gnu11;
				GCC_DYNAMIC_NO_PIC = NO;
				GCC_NO_COMMON_BLOCKS = YES;
				GCC_OPTIMIZATION_LEVEL = 0;
				GCC_PREPROCESSOR_DEFINITIONS = (
					"DEBUG=1",
					"$(inherited)",
				);
				GCC_WARN_64_TO_32_BIT_CONVERSION = YES;
				GCC_WARN_ABOUT_RETURN_TYPE = YES_ERROR;
				GCC_WARN_UNDECLARED_SELECTOR = YES;
				GCC_WARN_UNINITIALIZED_AUTOS = YES_AGGRESSIVE;
				GCC_WARN_UNUSED_FUNCTION = YES;
				GCC_WARN_UNUSED_VARIABLE = YES;
				IPHONEOS_DEPLOYMENT_TARGET = 12.4;
				MTL_ENABLE_DEBUG_INFO = INCLUDE_SOURCE;
				MTL_FAST_MATH = YES;
				ONLY_ACTIVE_ARCH = YES;
				SDKROOT = iphoneos;
				SWIFT_ACTIVE_COMPILATION_CONDITIONS = DEBUG;
				SWIFT_OPTIMIZATION_LEVEL = "-Onone";
			};
			name = Debug;
		};
		5C1AE0C32314A14300950738 /* Release */ = {
			isa = XCBuildConfiguration;
			buildSettings = {
				ALWAYS_SEARCH_USER_PATHS = NO;
				CLANG_ANALYZER_NONNULL = YES;
				CLANG_ANALYZER_NUMBER_OBJECT_CONVERSION = YES_AGGRESSIVE;
				CLANG_CXX_LANGUAGE_STANDARD = "gnu++14";
				CLANG_CXX_LIBRARY = "libc++";
				CLANG_ENABLE_MODULES = YES;
				CLANG_ENABLE_OBJC_ARC = YES;
				CLANG_ENABLE_OBJC_WEAK = YES;
				CLANG_WARN_BLOCK_CAPTURE_AUTORELEASING = YES;
				CLANG_WARN_BOOL_CONVERSION = YES;
				CLANG_WARN_COMMA = YES;
				CLANG_WARN_CONSTANT_CONVERSION = YES;
				CLANG_WARN_DEPRECATED_OBJC_IMPLEMENTATIONS = YES;
				CLANG_WARN_DIRECT_OBJC_ISA_USAGE = YES_ERROR;
				CLANG_WARN_DOCUMENTATION_COMMENTS = YES;
				CLANG_WARN_EMPTY_BODY = YES;
				CLANG_WARN_ENUM_CONVERSION = YES;
				CLANG_WARN_INFINITE_RECURSION = YES;
				CLANG_WARN_INT_CONVERSION = YES;
				CLANG_WARN_NON_LITERAL_NULL_CONVERSION = YES;
				CLANG_WARN_OBJC_IMPLICIT_RETAIN_SELF = YES;
				CLANG_WARN_OBJC_LITERAL_CONVERSION = YES;
				CLANG_WARN_OBJC_ROOT_CLASS = YES_ERROR;
				CLANG_WARN_RANGE_LOOP_ANALYSIS = YES;
				CLANG_WARN_STRICT_PROTOTYPES = YES;
				CLANG_WARN_SUSPICIOUS_MOVE = YES;
				CLANG_WARN_UNGUARDED_AVAILABILITY = YES_AGGRESSIVE;
				CLANG_WARN_UNREACHABLE_CODE = YES;
				CLANG_WARN__DUPLICATE_METHOD_MATCH = YES;
				CODE_SIGN_IDENTITY = "iPhone Developer";
				COPY_PHASE_STRIP = NO;
				DEBUG_INFORMATION_FORMAT = "dwarf-with-dsym";
				ENABLE_NS_ASSERTIONS = NO;
				ENABLE_STRICT_OBJC_MSGSEND = YES;
				GCC_C_LANGUAGE_STANDARD = gnu11;
				GCC_NO_COMMON_BLOCKS = YES;
				GCC_WARN_64_TO_32_BIT_CONVERSION = YES;
				GCC_WARN_ABOUT_RETURN_TYPE = YES_ERROR;
				GCC_WARN_UNDECLARED_SELECTOR = YES;
				GCC_WARN_UNINITIALIZED_AUTOS = YES_AGGRESSIVE;
				GCC_WARN_UNUSED_FUNCTION = YES;
				GCC_WARN_UNUSED_VARIABLE = YES;
				IPHONEOS_DEPLOYMENT_TARGET = 12.4;
				MTL_ENABLE_DEBUG_INFO = NO;
				MTL_FAST_MATH = YES;
				SDKROOT = iphoneos;
				SWIFT_COMPILATION_MODE = wholemodule;
				SWIFT_OPTIMIZATION_LEVEL = "-O";
				VALIDATE_PRODUCT = YES;
			};
			name = Release;
		};
		5C1AE0C52314A14300950738 /* Debug */ = {
			isa = XCBuildConfiguration;
			baseConfigurationReference = 0AB65113904A78B278E6710A /* Pods-romance.debug.xcconfig */;
			buildSettings = {
				ASSETCATALOG_COMPILER_APPICON_NAME = AppIcon;
				CODE_SIGN_STYLE = Automatic;
				DEVELOPMENT_TEAM = T9WDNLZLLU;
				INFOPLIST_FILE = romance/Info.plist;
				IPHONEOS_DEPLOYMENT_TARGET = 13.0;
				LD_RUNPATH_SEARCH_PATHS = (
					"$(inherited)",
					"@executable_path/Frameworks",
				);
				PRODUCT_BUNDLE_IDENTIFIER = com.academy.romance;
				PRODUCT_NAME = "$(TARGET_NAME)";
				SWIFT_VERSION = 5.0;
				TARGETED_DEVICE_FAMILY = 1;
			};
			name = Debug;
		};
		5C1AE0C62314A14300950738 /* Release */ = {
			isa = XCBuildConfiguration;
			baseConfigurationReference = 559645207F248552548CDA56 /* Pods-romance.release.xcconfig */;
			buildSettings = {
				ASSETCATALOG_COMPILER_APPICON_NAME = AppIcon;
				CODE_SIGN_STYLE = Automatic;
				DEVELOPMENT_TEAM = T9WDNLZLLU;
				INFOPLIST_FILE = romance/Info.plist;
				IPHONEOS_DEPLOYMENT_TARGET = 13.0;
				LD_RUNPATH_SEARCH_PATHS = (
					"$(inherited)",
					"@executable_path/Frameworks",
				);
				PRODUCT_BUNDLE_IDENTIFIER = com.academy.romance;
				PRODUCT_NAME = "$(TARGET_NAME)";
				SWIFT_VERSION = 5.0;
				TARGETED_DEVICE_FAMILY = 1;
			};
			name = Release;
		};
		5C1AE0C82314A14300950738 /* Debug */ = {
			isa = XCBuildConfiguration;
			baseConfigurationReference = 86B5FDF3202CA8437D5C463F /* Pods-romanceTests.debug.xcconfig */;
			buildSettings = {
				ALWAYS_EMBED_SWIFT_STANDARD_LIBRARIES = YES;
				BUNDLE_LOADER = "$(TEST_HOST)";
				CODE_SIGN_STYLE = Automatic;
				DEVELOPMENT_TEAM = 982MQ94WJG;
				INFOPLIST_FILE = romanceTests/Info.plist;
				LD_RUNPATH_SEARCH_PATHS = (
					"$(inherited)",
					"@executable_path/Frameworks",
					"@loader_path/Frameworks",
				);
				PRODUCT_BUNDLE_IDENTIFIER = com.academy.romanceTests;
				PRODUCT_NAME = "$(TARGET_NAME)";
				SWIFT_VERSION = 5.0;
				TARGETED_DEVICE_FAMILY = "1,2";
				TEST_HOST = "$(BUILT_PRODUCTS_DIR)/romance.app/romance";
			};
			name = Debug;
		};
		5C1AE0C92314A14300950738 /* Release */ = {
			isa = XCBuildConfiguration;
			baseConfigurationReference = A3FF883A8EE0229F2BAD824B /* Pods-romanceTests.release.xcconfig */;
			buildSettings = {
				ALWAYS_EMBED_SWIFT_STANDARD_LIBRARIES = YES;
				BUNDLE_LOADER = "$(TEST_HOST)";
				CODE_SIGN_STYLE = Automatic;
				DEVELOPMENT_TEAM = 982MQ94WJG;
				INFOPLIST_FILE = romanceTests/Info.plist;
				LD_RUNPATH_SEARCH_PATHS = (
					"$(inherited)",
					"@executable_path/Frameworks",
					"@loader_path/Frameworks",
				);
				PRODUCT_BUNDLE_IDENTIFIER = com.academy.romanceTests;
				PRODUCT_NAME = "$(TARGET_NAME)";
				SWIFT_VERSION = 5.0;
				TARGETED_DEVICE_FAMILY = "1,2";
				TEST_HOST = "$(BUILT_PRODUCTS_DIR)/romance.app/romance";
			};
			name = Release;
		};
		5C1AE0CB2314A14300950738 /* Debug */ = {
			isa = XCBuildConfiguration;
			baseConfigurationReference = 21DDF71AD54B0A3EC988AFDA /* Pods-romanceUITests.debug.xcconfig */;
			buildSettings = {
				ALWAYS_EMBED_SWIFT_STANDARD_LIBRARIES = YES;
				CODE_SIGN_STYLE = Automatic;
				DEVELOPMENT_TEAM = 982MQ94WJG;
				INFOPLIST_FILE = romanceUITests/Info.plist;
				LD_RUNPATH_SEARCH_PATHS = (
					"$(inherited)",
					"@executable_path/Frameworks",
					"@loader_path/Frameworks",
				);
				PRODUCT_BUNDLE_IDENTIFIER = com.academy.romanceUITests;
				PRODUCT_NAME = "$(TARGET_NAME)";
				SWIFT_VERSION = 5.0;
				TARGETED_DEVICE_FAMILY = "1,2";
				TEST_TARGET_NAME = romance;
			};
			name = Debug;
		};
		5C1AE0CC2314A14300950738 /* Release */ = {
			isa = XCBuildConfiguration;
			baseConfigurationReference = 4F12A2A0926B4B4441C168FF /* Pods-romanceUITests.release.xcconfig */;
			buildSettings = {
				ALWAYS_EMBED_SWIFT_STANDARD_LIBRARIES = YES;
				CODE_SIGN_STYLE = Automatic;
				DEVELOPMENT_TEAM = 982MQ94WJG;
				INFOPLIST_FILE = romanceUITests/Info.plist;
				LD_RUNPATH_SEARCH_PATHS = (
					"$(inherited)",
					"@executable_path/Frameworks",
					"@loader_path/Frameworks",
				);
				PRODUCT_BUNDLE_IDENTIFIER = com.academy.romanceUITests;
				PRODUCT_NAME = "$(TARGET_NAME)";
				SWIFT_VERSION = 5.0;
				TARGETED_DEVICE_FAMILY = "1,2";
				TEST_TARGET_NAME = romance;
			};
			name = Release;
		};
/* End XCBuildConfiguration section */

/* Begin XCConfigurationList section */
		5C1AE0942314A14100950738 /* Build configuration list for PBXProject "romance" */ = {
			isa = XCConfigurationList;
			buildConfigurations = (
				5C1AE0C22314A14300950738 /* Debug */,
				5C1AE0C32314A14300950738 /* Release */,
			);
			defaultConfigurationIsVisible = 0;
			defaultConfigurationName = Release;
		};
		5C1AE0C42314A14300950738 /* Build configuration list for PBXNativeTarget "romance" */ = {
			isa = XCConfigurationList;
			buildConfigurations = (
				5C1AE0C52314A14300950738 /* Debug */,
				5C1AE0C62314A14300950738 /* Release */,
			);
			defaultConfigurationIsVisible = 0;
			defaultConfigurationName = Release;
		};
		5C1AE0C72314A14300950738 /* Build configuration list for PBXNativeTarget "romanceTests" */ = {
			isa = XCConfigurationList;
			buildConfigurations = (
				5C1AE0C82314A14300950738 /* Debug */,
				5C1AE0C92314A14300950738 /* Release */,
			);
			defaultConfigurationIsVisible = 0;
			defaultConfigurationName = Release;
		};
		5C1AE0CA2314A14300950738 /* Build configuration list for PBXNativeTarget "romanceUITests" */ = {
			isa = XCConfigurationList;
			buildConfigurations = (
				5C1AE0CB2314A14300950738 /* Debug */,
				5C1AE0CC2314A14300950738 /* Release */,
			);
			defaultConfigurationIsVisible = 0;
			defaultConfigurationName = Release;
		};
/* End XCConfigurationList section */

/* Begin XCVersionGroup section */
		5C1AE0A32314A14200950738 /* romance.xcdatamodeld */ = {
			isa = XCVersionGroup;
			children = (
				5C1AE0A42314A14200950738 /* romance.xcdatamodel */,
			);
			currentVersion = 5C1AE0A42314A14200950738 /* romance.xcdatamodel */;
			path = romance.xcdatamodeld;
			sourceTree = "<group>";
			versionGroupType = wrapper.xcdatamodel;
		};
/* End XCVersionGroup section */
	};
	rootObject = 5C1AE0912314A14100950738 /* Project object */;
}
